
Microsoft Visual Studio Solution File, Format Version 12.00
# Visual Studio Version 17
VisualStudioVersion = 17.3.32929.385
MinimumVisualStudioVersion = 10.0.40219.1
Project("{9A19103F-16F7-4668-BE54-9A1E7A4F7556}") = "Finbourne.DataCache", "Finbourne.DataCache\Finbourne.DataCache.csproj", "{7753C84D-C0E7-408A-A88C-682FA1AF9C91}"
EndProject
Project("{9A19103F-16F7-4668-BE54-9A1E7A4F7556}") = "Finbourne.DataCache.Tests", "Finbourne.DataCache.Tests\Finbourne.DataCache.Tests.csproj", "{F5AB56A5-081D-49EE-B3A3-9C6506B64775}"
EndProject
Global
	GlobalSection(SolutionConfigurationPlatforms) = preSolution
		Debug|Any CPU = Debug|Any CPU
		Release|Any CPU = Release|Any CPU
	EndGlobalSection
	GlobalSection(ProjectConfigurationPlatforms) = postSolution
		{7753C84D-C0E7-408A-A88C-682FA1AF9C91}.Debug|Any CPU.ActiveCfg = Debug|Any CPU
		{7753C84D-C0E7-408A-A88C-682FA1AF9C91}.Debug|Any CPU.Build.0 = Debug|Any CPU
		{7753C84D-C0E7-408A-A88C-682FA1AF9C91}.Release|Any CPU.ActiveCfg = Release|Any CPU
		{7753C84D-C0E7-408A-A88C-682FA1AF9C91}.Release|Any CPU.Build.0 = Release|Any CPU
		{F5AB56A5-081D-49EE-B3A3-9C6506B64775}.Debug|Any CPU.ActiveCfg = Debug|Any CPU
		{F5AB56A5-081D-49EE-B3A3-9C6506B64775}.Debug|Any CPU.Build.0 = Debug|Any CPU
		{F5AB56A5-081D-49EE-B3A3-9C6506B64775}.Release|Any CPU.ActiveCfg = Release|Any CPU
		{F5AB56A5-081D-49EE-B3A3-9C6506B64775}.Release|Any CPU.Build.0 = Release|Any CPU
	EndGlobalSection
	GlobalSection(SolutionProperties) = preSolution
		HideSolutionNode = FALSE
	EndGlobalSection
	GlobalSection(ExtensibilityGlobals) = postSolution
		SolutionGuid = {9E0E6C36-0DCD-471E-B8A7-1A93E6939655}
	EndGlobalSection
EndGlobal
